
Microsoft Visual Studio Solution File, Format Version 12.00
# Visual Studio Version 16
VisualStudioVersion = 25.0.1706.1
MinimumVisualStudioVersion = 10.0.40219.1
Project("{FAE04EC0-301F-11D3-BF4B-00C04F79EFBC}") = "DocumentIO.API", "DocumentIO.API\DocumentIO.API.csproj", "{6F981194-98BE-419B-9F48-24E945DE22E6}"
EndProject
Project("{FAE04EC0-301F-11D3-BF4B-00C04F79EFBC}") = "DocumentIO.Domain", "DocumentIO.Domain\DocumentIO.Domain.csproj", "{AEA4C49D-0D7D-4B7C-BE69-524313CF284F}"
EndProject
Project("{FAE04EC0-301F-11D3-BF4B-00C04F79EFBC}") = "DocumentIO.Infrastructure", "DocumentIO.Infrastructure\DocumentIO.Infrastructure.csproj", "{94757598-3E6C-4069-803E-D70D66871DCD}"
EndProject
Project("{FAE04EC0-301F-11D3-BF4B-00C04F79EFBC}") = "DocumentIO.Application", "DocumentIO.Application\DocumentIO.Application.csproj", "{A32704B2-71A7-4C63-BB25-DEBC49C199D4}"
EndProject
Global
	GlobalSection(SolutionConfigurationPlatforms) = preSolution
		Debug|Any CPU = Debug|Any CPU
		Release|Any CPU = Release|Any CPU
	EndGlobalSection
	GlobalSection(ProjectConfigurationPlatforms) = postSolution
		{6F981194-98BE-419B-9F48-24E945DE22E6}.Debug|Any CPU.ActiveCfg = Debug|Any CPU
		{6F981194-98BE-419B-9F48-24E945DE22E6}.Debug|Any CPU.Build.0 = Debug|Any CPU
		{6F981194-98BE-419B-9F48-24E945DE22E6}.Release|Any CPU.ActiveCfg = Release|Any CPU
		{6F981194-98BE-419B-9F48-24E945DE22E6}.Release|Any CPU.Build.0 = Release|Any CPU
		{AEA4C49D-0D7D-4B7C-BE69-524313CF284F}.Debug|Any CPU.ActiveCfg = Debug|Any CPU
		{AEA4C49D-0D7D-4B7C-BE69-524313CF284F}.Debug|Any CPU.Build.0 = Debug|Any CPU
		{AEA4C49D-0D7D-4B7C-BE69-524313CF284F}.Release|Any CPU.ActiveCfg = Release|Any CPU
		{AEA4C49D-0D7D-4B7C-BE69-524313CF284F}.Release|Any CPU.Build.0 = Release|Any CPU
		{94757598-3E6C-4069-803E-D70D66871DCD}.Debug|Any CPU.ActiveCfg = Debug|Any CPU
		{94757598-3E6C-4069-803E-D70D66871DCD}.Debug|Any CPU.Build.0 = Debug|Any CPU
		{94757598-3E6C-4069-803E-D70D66871DCD}.Release|Any CPU.ActiveCfg = Release|Any CPU
		{94757598-3E6C-4069-803E-D70D66871DCD}.Release|Any CPU.Build.0 = Release|Any CPU
		{A32704B2-71A7-4C63-BB25-DEBC49C199D4}.Debug|Any CPU.ActiveCfg = Debug|Any CPU
		{A32704B2-71A7-4C63-BB25-DEBC49C199D4}.Debug|Any CPU.Build.0 = Debug|Any CPU
		{A32704B2-71A7-4C63-BB25-DEBC49C199D4}.Release|Any CPU.ActiveCfg = Release|Any CPU
		{A32704B2-71A7-4C63-BB25-DEBC49C199D4}.Release|Any CPU.Build.0 = Release|Any CPU
	EndGlobalSection
	GlobalSection(SolutionProperties) = preSolution
		HideSolutionNode = FALSE
	EndGlobalSection
	GlobalSection(ExtensibilityGlobals) = postSolution
		SolutionGuid = {8F0C4D48-6697-4E13-A989-359456A5CD57}
	EndGlobalSection
EndGlobal
